// !$*UTF8*$!
{
	archiveVersion = 1;
	classes = {
	};
	objectVersion = 56;
	objects = {

/* Begin PBXBuildFile section */
		3F1547222A2F06ED00B599BE /* projektApp.swift in Sources */ = {isa = PBXBuildFile; fileRef = 3F1547212A2F06ED00B599BE /* projektApp.swift */; };
		3F1547242A2F06ED00B599BE /* ContentView.swift in Sources */ = {isa = PBXBuildFile; fileRef = 3F1547232A2F06ED00B599BE /* ContentView.swift */; };
		3F1547262A2F06EE00B599BE /* Assets.xcassets in Resources */ = {isa = PBXBuildFile; fileRef = 3F1547252A2F06EE00B599BE /* Assets.xcassets */; };
		3F1547292A2F06EE00B599BE /* Preview Assets.xcassets in Resources */ = {isa = PBXBuildFile; fileRef = 3F1547282A2F06EE00B599BE /* Preview Assets.xcassets */; };
		3F1547302A2F073A00B599BE /* menuView.swift in Sources */ = {isa = PBXBuildFile; fileRef = 3F15472F2A2F073A00B599BE /* menuView.swift */; };
		3F1547322A2F084C00B599BE /* FirstView.swift in Sources */ = {isa = PBXBuildFile; fileRef = 3F1547312A2F084C00B599BE /* FirstView.swift */; };
		3F1547382A2F14D400B599BE /* RegisterView.swift in Sources */ = {isa = PBXBuildFile; fileRef = 3F1547372A2F14D400B599BE /* RegisterView.swift */; };
		3F15473B2A2F160C00B599BE /* MapKit.framework in Frameworks */ = {isa = PBXBuildFile; fileRef = 3F15473A2A2F160C00B599BE /* MapKit.framework */; };
		3F15473D2A2F166A00B599BE /* MapView.swift in Sources */ = {isa = PBXBuildFile; fileRef = 3F15473C2A2F166A00B599BE /* MapView.swift */; };
		3F15473F2A2F16E500B599BE /* LoginView.swift in Sources */ = {isa = PBXBuildFile; fileRef = 3F15473E2A2F16E500B599BE /* LoginView.swift */; };
/* End PBXBuildFile section */

/* Begin PBXFileReference section */
		3F15471E2A2F06ED00B599BE /* projekt.app */ = {isa = PBXFileReference; explicitFileType = wrapper.application; includeInIndex = 0; path = projekt.app; sourceTree = BUILT_PRODUCTS_DIR; };
		3F1547212A2F06ED00B599BE /* projektApp.swift */ = {isa = PBXFileReference; lastKnownFileType = sourcecode.swift; path = projektApp.swift; sourceTree = "<group>"; };
		3F1547232A2F06ED00B599BE /* ContentView.swift */ = {isa = PBXFileReference; lastKnownFileType = sourcecode.swift; path = ContentView.swift; sourceTree = "<group>"; };
		3F1547252A2F06EE00B599BE /* Assets.xcassets */ = {isa = PBXFileReference; lastKnownFileType = folder.assetcatalog; path = Assets.xcassets; sourceTree = "<group>"; };
		3F1547282A2F06EE00B599BE /* Preview Assets.xcassets */ = {isa = PBXFileReference; lastKnownFileType = folder.assetcatalog; path = "Preview Assets.xcassets"; sourceTree = "<group>"; };
		3F15472F2A2F073A00B599BE /* menuView.swift */ = {isa = PBXFileReference; lastKnownFileType = sourcecode.swift; path = menuView.swift; sourceTree = "<group>"; };
		3F1547312A2F084C00B599BE /* FirstView.swift */ = {isa = PBXFileReference; lastKnownFileType = sourcecode.swift; path = FirstView.swift; sourceTree = "<group>"; };
		3F1547372A2F14D400B599BE /* RegisterView.swift */ = {isa = PBXFileReference; lastKnownFileType = sourcecode.swift; path = RegisterView.swift; sourceTree = "<group>"; };
		3F15473A2A2F160C00B599BE /* MapKit.framework */ = {isa = PBXFileReference; lastKnownFileType = wrapper.framework; name = MapKit.framework; path = System/Library/Frameworks/MapKit.framework; sourceTree = SDKROOT; };
		3F15473C2A2F166A00B599BE /* MapView.swift */ = {isa = PBXFileReference; lastKnownFileType = sourcecode.swift; path = MapView.swift; sourceTree = "<group>"; };
		3F15473E2A2F16E500B599BE /* LoginView.swift */ = {isa = PBXFileReference; lastKnownFileType = sourcecode.swift; path = LoginView.swift; sourceTree = "<group>"; };
/* End PBXFileReference section */

/* Begin PBXFrameworksBuildPhase section */
		3F15471B2A2F06ED00B599BE /* Frameworks */ = {
			isa = PBXFrameworksBuildPhase;
			buildActionMask = 2147483647;
			files = (
				3F15473B2A2F160C00B599BE /* MapKit.framework in Frameworks */,
			);
			runOnlyForDeploymentPostprocessing = 0;
		};
/* End PBXFrameworksBuildPhase section */

/* Begin PBXGroup section */
		3F1547152A2F06ED00B599BE = {
			isa = PBXGroup;
			children = (
				3F1547202A2F06ED00B599BE /* projekt */,
				3F15471F2A2F06ED00B599BE /* Products */,
				3F1547392A2F160B00B599BE /* Frameworks */,
			);
			sourceTree = "<group>";
		};
		3F15471F2A2F06ED00B599BE /* Products */ = {
			isa = PBXGroup;
			children = (
				3F15471E2A2F06ED00B599BE /* projekt.app */,
			);
			name = Products;
			sourceTree = "<group>";
		};
		3F1547202A2F06ED00B599BE /* projekt */ = {
			isa = PBXGroup;
			children = (
				3F1547212A2F06ED00B599BE /* projektApp.swift */,
				3F1547232A2F06ED00B599BE /* ContentView.swift */,
				3F1547252A2F06EE00B599BE /* Assets.xcassets */,
				3F1547272A2F06EE00B599BE /* Preview Content */,
				3F15472F2A2F073A00B599BE /* menuView.swift */,
				3F1547312A2F084C00B599BE /* FirstView.swift */,
				3F1547372A2F14D400B599BE /* RegisterView.swift */,
				3F15473C2A2F166A00B599BE /* MapView.swift */,
				3F15473E2A2F16E500B599BE /* LoginView.swift */,
			);
			path = projekt;
			sourceTree = "<group>";
		};
		3F1547272A2F06EE00B599BE /* Preview Content */ = {
			isa = PBXGroup;
			children = (
				3F1547282A2F06EE00B599BE /* Preview Assets.xcassets */,
			);
			path = "Preview Content";
			sourceTree = "<group>";
		};
		3F1547392A2F160B00B599BE /* Frameworks */ = {
			isa = PBXGroup;
			children = (
				3F15473A2A2F160C00B599BE /* MapKit.framework */,
			);
			name = Frameworks;
			sourceTree = "<group>";
		};
/* End PBXGroup section */

/* Begin PBXNativeTarget section */
		3F15471D2A2F06ED00B599BE /* projekt */ = {
			isa = PBXNativeTarget;
			buildConfigurationList = 3F15472C2A2F06EE00B599BE /* Build configuration list for PBXNativeTarget "projekt" */;
			buildPhases = (
				3F15471A2A2F06ED00B599BE /* Sources */,
				3F15471B2A2F06ED00B599BE /* Frameworks */,
				3F15471C2A2F06ED00B599BE /* Resources */,
			);
			buildRules = (
			);
			dependencies = (
			);
			name = projekt;
			productName = projekt;
			productReference = 3F15471E2A2F06ED00B599BE /* projekt.app */;
			productType = "com.apple.product-type.application";
		};
/* End PBXNativeTarget section */

/* Begin PBXProject section */
		3F1547162A2F06ED00B599BE /* Project object */ = {
			isa = PBXProject;
			attributes = {
				BuildIndependentTargetsInParallel = 1;
				LastSwiftUpdateCheck = 1400;
				LastUpgradeCheck = 1400;
				TargetAttributes = {
					3F15471D2A2F06ED00B599BE = {
						CreatedOnToolsVersion = 14.0.1;
					};
				};
			};
			buildConfigurationList = 3F1547192A2F06ED00B599BE /* Build configuration list for PBXProject "projekt" */;
			compatibilityVersion = "Xcode 14.0";
			developmentRegion = en;
			hasScannedForEncodings = 0;
			knownRegions = (
				en,
				Base,
			);
			mainGroup = 3F1547152A2F06ED00B599BE;
			productRefGroup = 3F15471F2A2F06ED00B599BE /* Products */;
			projectDirPath = "";
			projectRoot = "";
			targets = (
				3F15471D2A2F06ED00B599BE /* projekt */,
			);
		};
/* End PBXProject section */

/* Begin PBXResourcesBuildPhase section */
		3F15471C2A2F06ED00B599BE /* Resources */ = {
			isa = PBXResourcesBuildPhase;
			buildActionMask = 2147483647;
			files = (
				3F1547292A2F06EE00B599BE /* Preview Assets.xcassets in Resources */,
				3F1547262A2F06EE00B599BE /* Assets.xcassets in Resources */,
			);
			runOnlyForDeploymentPostprocessing = 0;
		};
/* End PBXResourcesBuildPhase section */

/* Begin PBXSourcesBuildPhase section */
		3F15471A2A2F06ED00B599BE /* Sources */ = {
			isa = PBXSourcesBuildPhase;
			buildActionMask = 2147483647;
			files = (
				3F15473D2A2F166A00B599BE /* MapView.swift in Sources */,
				3F1547302A2F073A00B599BE /* menuView.swift in Sources */,
				3F1547322A2F084C00B599BE /* FirstView.swift in Sources */,
				3F1547382A2F14D400B599BE /* RegisterView.swift in Sources */,
				3F1547242A2F06ED00B599BE /* ContentView.swift in Sources */,
				3F15473F2A2F16E500B599BE /* LoginView.swift in Sources */,
				3F1547222A2F06ED00B599BE /* projektApp.swift in Sources */,
			);
			runOnlyForDeploymentPostprocessing = 0;
		};
/* End PBXSourcesBuildPhase section */

/* Begin XCBuildConfiguration section */
		3F15472A2A2F06EE00B599BE /* Debug */ = {
			isa = XCBuildConfiguration;
			buildSettings = {
				ALWAYS_SEARCH_USER_PATHS = NO;
				CLANG_ANALYZER_NONNULL = YES;
				CLANG_ANALYZER_NUMBER_OBJECT_CONVERSION = YES_AGGRESSIVE;
				CLANG_CXX_LANGUAGE_STANDARD = "gnu++20";
				CLANG_ENABLE_MODULES = YES;
				CLANG_ENABLE_OBJC_ARC = YES;
				CLANG_ENABLE_OBJC_WEAK = YES;
				CLANG_WARN_BLOCK_CAPTURE_AUTORELEASING = YES;
				CLANG_WARN_BOOL_CONVERSION = YES;
				CLANG_WARN_COMMA = YES;
				CLANG_WARN_CONSTANT_CONVERSION = YES;
				CLANG_WARN_DEPRECATED_OBJC_IMPLEMENTATIONS = YES;
				CLANG_WARN_DIRECT_OBJC_ISA_USAGE = YES_ERROR;
				CLANG_WARN_DOCUMENTATION_COMMENTS = YES;
				CLANG_WARN_EMPTY_BODY = YES;
				CLANG_WARN_ENUM_CONVERSION = YES;
				CLANG_WARN_INFINITE_RECURSION = YES;
				CLANG_WARN_INT_CONVERSION = YES;
				CLANG_WARN_NON_LITERAL_NULL_CONVERSION = YES;
				CLANG_WARN_OBJC_IMPLICIT_RETAIN_SELF = YES;
				CLANG_WARN_OBJC_LITERAL_CONVERSION = YES;
				CLANG_WARN_OBJC_ROOT_CLASS = YES_ERROR;
				CLANG_WARN_QUOTED_INCLUDE_IN_FRAMEWORK_HEADER = YES;
				CLANG_WARN_RANGE_LOOP_ANALYSIS = YES;
				CLANG_WARN_STRICT_PROTOTYPES = YES;
				CLANG_WARN_SUSPICIOUS_MOVE = YES;
				CLANG_WARN_UNGUARDED_AVAILABILITY = YES_AGGRESSIVE;
				CLANG_WARN_UNREACHABLE_CODE = YES;
				CLANG_WARN__DUPLICATE_METHOD_MATCH = YES;
				COPY_PHASE_STRIP = NO;
				DEBUG_INFORMATION_FORMAT = dwarf;
				ENABLE_STRICT_OBJC_MSGSEND = YES;
				ENABLE_TESTABILITY = YES;
				GCC_C_LANGUAGE_STANDARD = gnu11;
				GCC_DYNAMIC_NO_PIC = NO;
				GCC_NO_COMMON_BLOCKS = YES;
				GCC_OPTIMIZATION_LEVEL = 0;
				GCC_PREPROCESSOR_DEFINITIONS = (
					"DEBUG=1",
					"$(inherited)",
				);
				GCC_WARN_64_TO_32_BIT_CONVERSION = YES;
				GCC_WARN_ABOUT_RETURN_TYPE = YES_ERROR;
				GCC_WARN_UNDECLARED_SELECTOR = YES;
				GCC_WARN_UNINITIALIZED_AUTOS = YES_AGGRESSIVE;
				GCC_WARN_UNUSED_FUNCTION = YES;
				GCC_WARN_UNUSED_VARIABLE = YES;
				IPHONEOS_DEPLOYMENT_TARGET = 16.0;
				MTL_ENABLE_DEBUG_INFO = INCLUDE_SOURCE;
				MTL_FAST_MATH = YES;
				ONLY_ACTIVE_ARCH = YES;
				SDKROOT = iphoneos;
				SWIFT_ACTIVE_COMPILATION_CONDITIONS = DEBUG;
				SWIFT_OPTIMIZATION_LEVEL = "-Onone";
			};
			name = Debug;
		};
		3F15472B2A2F06EE00B599BE /* Release */ = {
			isa = XCBuildConfiguration;
			buildSettings = {
				ALWAYS_SEARCH_USER_PATHS = NO;
				CLANG_ANALYZER_NONNULL = YES;
				CLANG_ANALYZER_NUMBER_OBJECT_CONVERSION = YES_AGGRESSIVE;
				CLANG_CXX_LANGUAGE_STANDARD = "gnu++20";
				CLANG_ENABLE_MODULES = YES;
				CLANG_ENABLE_OBJC_ARC = YES;
				CLANG_ENABLE_OBJC_WEAK = YES;
				CLANG_WARN_BLOCK_CAPTURE_AUTORELEASING = YES;
				CLANG_WARN_BOOL_CONVERSION = YES;
				CLANG_WARN_COMMA = YES;
				CLANG_WARN_CONSTANT_CONVERSION = YES;
				CLANG_WARN_DEPRECATED_OBJC_IMPLEMENTATIONS = YES;
				CLANG_WARN_DIRECT_OBJC_ISA_USAGE = YES_ERROR;
				CLANG_WARN_DOCUMENTATION_COMMENTS = YES;
				CLANG_WARN_EMPTY_BODY = YES;
				CLANG_WARN_ENUM_CONVERSION = YES;
				CLANG_WARN_INFINITE_RECURSION = YES;
				CLANG_WARN_INT_CONVERSION = YES;
				CLANG_WARN_NON_LITERAL_NULL_CONVERSION = YES;
				CLANG_WARN_OBJC_IMPLICIT_RETAIN_SELF = YES;
				CLANG_WARN_OBJC_LITERAL_CONVERSION = YES;
				CLANG_WARN_OBJC_ROOT_CLASS = YES_ERROR;
				CLANG_WARN_QUOTED_INCLUDE_IN_FRAMEWORK_HEADER = YES;
				CLANG_WARN_RANGE_LOOP_ANALYSIS = YES;
				CLANG_WARN_STRICT_PROTOTYPES = YES;
				CLANG_WARN_SUSPICIOUS_MOVE = YES;
				CLANG_WARN_UNGUARDED_AVAILABILITY = YES_AGGRESSIVE;
				CLANG_WARN_UNREACHABLE_CODE = YES;
				CLANG_WARN__DUPLICATE_METHOD_MATCH = YES;
				COPY_PHASE_STRIP = NO;
				DEBUG_INFORMATION_FORMAT = "dwarf-with-dsym";
				ENABLE_NS_ASSERTIONS = NO;
				ENABLE_STRICT_OBJC_MSGSEND = YES;
				GCC_C_LANGUAGE_STANDARD = gnu11;
				GCC_NO_COMMON_BLOCKS = YES;
				GCC_WARN_64_TO_32_BIT_CONVERSION = YES;
				GCC_WARN_ABOUT_RETURN_TYPE = YES_ERROR;
				GCC_WARN_UNDECLARED_SELECTOR = YES;
				GCC_WARN_UNINITIALIZED_AUTOS = YES_AGGRESSIVE;
				GCC_WARN_UNUSED_FUNCTION = YES;
				GCC_WARN_UNUSED_VARIABLE = YES;
				IPHONEOS_DEPLOYMENT_TARGET = 16.0;
				MTL_ENABLE_DEBUG_INFO = NO;
				MTL_FAST_MATH = YES;
				SDKROOT = iphoneos;
				SWIFT_COMPILATION_MODE = wholemodule;
				SWIFT_OPTIMIZATION_LEVEL = "-O";
				VALIDATE_PRODUCT = YES;
			};
			name = Release;
		};
		3F15472D2A2F06EE00B599BE /* Debug */ = {
			isa = XCBuildConfiguration;
			buildSettings = {
				ASSETCATALOG_COMPILER_APPICON_NAME = AppIcon;
				ASSETCATALOG_COMPILER_GLOBAL_ACCENT_COLOR_NAME = AccentColor;
				CODE_SIGN_STYLE = Automatic;
				CURRENT_PROJECT_VERSION = 1;
				DEVELOPMENT_ASSET_PATHS = "\"projekt/Preview Content\"";
				ENABLE_PREVIEWS = YES;
				GENERATE_INFOPLIST_FILE = YES;
				INFOPLIST_KEY_UIApplicationSceneManifest_Generation = YES;
				INFOPLIST_KEY_UIApplicationSupportsIndirectInputEvents = YES;
				INFOPLIST_KEY_UILaunchScreen_Generation = YES;
				INFOPLIST_KEY_UISupportedInterfaceOrientations_iPad = "UIInterfaceOrientationPortrait UIInterfaceOrientationPortraitUpsideDown UIInterfaceOrientationLandscapeLeft UIInterfaceOrientationLandscapeRight";
				INFOPLIST_KEY_UISupportedInterfaceOrientations_iPhone = "UIInterfaceOrientationPortrait UIInterfaceOrientationLandscapeLeft UIInterfaceOrientationLandscapeRight";
				LD_RUNPATH_SEARCH_PATHS = (
					"$(inherited)",
					"@executable_path/Frameworks",
				);
				MARKETING_VERSION = 1.0;
				PRODUCT_BUNDLE_IDENTIFIER = pollub.projekt;
				PRODUCT_NAME = "$(TARGET_NAME)";
				SWIFT_EMIT_LOC_STRINGS = YES;
				SWIFT_VERSION = 5.0;
				TARGETED_DEVICE_FAMILY = "1,2";
			};
			name = Debug;
		};
		3F15472E2A2F06EE00B599BE /* Release */ = {
			isa = XCBuildConfiguration;
			buildSettings = {
				ASSETCATALOG_COMPILER_APPICON_NAME = AppIcon;
				ASSETCATALOG_COMPILER_GLOBAL_ACCENT_COLOR_NAME = AccentColor;
				CODE_SIGN_STYLE = Automatic;
				CURRENT_PROJECT_VERSION = 1;
				DEVELOPMENT_ASSET_PATHS = "\"projekt/Preview Content\"";
				ENABLE_PREVIEWS = YES;
				GENERATE_INFOPLIST_FILE = YES;
				INFOPLIST_KEY_UIApplicationSceneManifest_Generation = YES;
				INFOPLIST_KEY_UIApplicationSupportsIndirectInputEvents = YES;
				INFOPLIST_KEY_UILaunchScreen_Generation = YES;
				INFOPLIST_KEY_UISupportedInterfaceOrientations_iPad = "UIInterfaceOrientationPortrait UIInterfaceOrientationPortraitUpsideDown UIInterfaceOrientationLandscapeLeft UIInterfaceOrientationLandscapeRight";
				INFOPLIST_KEY_UISupportedInterfaceOrientations_iPhone = "UIInterfaceOrientationPortrait UIInterfaceOrientationLandscapeLeft UIInterfaceOrientationLandscapeRight";
				LD_RUNPATH_SEARCH_PATHS = (
					"$(inherited)",
					"@executable_path/Frameworks",
				);
				MARKETING_VERSION = 1.0;
				PRODUCT_BUNDLE_IDENTIFIER = pollub.projekt;
				PRODUCT_NAME = "$(TARGET_NAME)";
				SWIFT_EMIT_LOC_STRINGS = YES;
				SWIFT_VERSION = 5.0;
				TARGETED_DEVICE_FAMILY = "1,2";
			};
			name = Release;
		};
/* End XCBuildConfiguration section */

/* Begin XCConfigurationList section */
		3F1547192A2F06ED00B599BE /* Build configuration list for PBXProject "projekt" */ = {
			isa = XCConfigurationList;
			buildConfigurations = (
				3F15472A2A2F06EE00B599BE /* Debug */,
				3F15472B2A2F06EE00B599BE /* Release */,
			);
			defaultConfigurationIsVisible = 0;
			defaultConfigurationName = Release;
		};
		3F15472C2A2F06EE00B599BE /* Build configuration list for PBXNativeTarget "projekt" */ = {
			isa = XCConfigurationList;
			buildConfigurations = (
				3F15472D2A2F06EE00B599BE /* Debug */,
				3F15472E2A2F06EE00B599BE /* Release */,
			);
			defaultConfigurationIsVisible = 0;
			defaultConfigurationName = Release;
		};
/* End XCConfigurationList section */
	};
	rootObject = 3F1547162A2F06ED00B599BE /* Project object */;
}
